
Microsoft Visual Studio Solution File, Format Version 12.00
# Visual Studio Version 17
VisualStudioVersion = 17.5.33530.505
MinimumVisualStudioVersion = 10.0.40219.1
Project("{FAE04EC0-301F-11D3-BF4B-00C04F79EFBC}") = "WebClienUploadingFiles", "WebClienUploadingFiles.csproj", "{987B95A5-0B6D-47A0-82F5-E8752AD51465}"
EndProject
Global
	GlobalSection(SolutionConfigurationPlatforms) = preSolution
		Debug|Any CPU = Debug|Any CPU
		Release|Any CPU = Release|Any CPU
	EndGlobalSection
	GlobalSection(ProjectConfigurationPlatforms) = postSolution
		{987B95A5-0B6D-47A0-82F5-E8752AD51465}.Debug|Any CPU.ActiveCfg = Debug|Any CPU
		{987B95A5-0B6D-47A0-82F5-E8752AD51465}.Debug|Any CPU.Build.0 = Debug|Any CPU
		{987B95A5-0B6D-47A0-82F5-E8752AD51465}.Release|Any CPU.ActiveCfg = Release|Any CPU
		{987B95A5-0B6D-47A0-82F5-E8752AD51465}.Release|Any CPU.Build.0 = Release|Any CPU
	EndGlobalSection
	GlobalSection(SolutionProperties) = preSolution
		HideSolutionNode = FALSE
	EndGlobalSection
	GlobalSection(ExtensibilityGlobals) = postSolution
		SolutionGuid = {9EC71909-8F44-422B-A327-35CEFE3B2AE4}
	EndGlobalSection
EndGlobal
